
Microsoft Visual Studio Solution File, Format Version 12.00
# Visual Studio Version 16
VisualStudioVersion = 16.0.30907.101
MinimumVisualStudioVersion = 10.0.40219.1
Project("{8BC9CEB8-8B4A-11D0-8D11-00A0C91BC942}") = "Q2439", "Q2439\Q2439.vcxproj", "{8963D4C8-F1F8-45AA-9985-1BC054689BCF}"
EndProject
Project("{8BC9CEB8-8B4A-11D0-8D11-00A0C91BC942}") = "Q10818", "Q10818\Q10818.vcxproj", "{E969B0A1-A35F-4D9C-983A-E7C9B22ECBBD}"
EndProject
Project("{8BC9CEB8-8B4A-11D0-8D11-00A0C91BC942}") = "Q2577", "Q2577\Q2577.vcxproj", "{3EFF19B0-0D36-44C7-9DE1-EF2342FB3838}"
EndProject
Project("{8BC9CEB8-8B4A-11D0-8D11-00A0C91BC942}") = "Q4344", "Q4344\Q4344.vcxproj", "{E41C6A90-012C-416C-8A03-C4000CE21A95}"
EndProject
Project("{8BC9CEB8-8B4A-11D0-8D11-00A0C91BC942}") = "Q15596", "Q15596\Q15596.vcxproj", "{8ABE98E5-35C2-48C9-B524-61DAE38D8DD2}"
EndProject
Project("{8BC9CEB8-8B4A-11D0-8D11-00A0C91BC942}") = "Q4673", "Q4673\Q4673.vcxproj", "{D4E7096E-9C07-4C36-B957-14F4499F4E8C}"
EndProject
Project("{8BC9CEB8-8B4A-11D0-8D11-00A0C91BC942}") = "Q1065", "Q1065\Q1065.vcxproj", "{17862352-EF9F-4367-A5A8-18C8830AE7CD}"
EndProject
Global
	GlobalSection(SolutionConfigurationPlatforms) = preSolution
		Debug|x64 = Debug|x64
		Debug|x86 = Debug|x86
		Release|x64 = Release|x64
		Release|x86 = Release|x86
	EndGlobalSection
	GlobalSection(ProjectConfigurationPlatforms) = postSolution
		{8963D4C8-F1F8-45AA-9985-1BC054689BCF}.Debug|x64.ActiveCfg = Debug|x64
		{8963D4C8-F1F8-45AA-9985-1BC054689BCF}.Debug|x64.Build.0 = Debug|x64
		{8963D4C8-F1F8-45AA-9985-1BC054689BCF}.Debug|x86.ActiveCfg = Debug|Win32
		{8963D4C8-F1F8-45AA-9985-1BC054689BCF}.Debug|x86.Build.0 = Debug|Win32
		{8963D4C8-F1F8-45AA-9985-1BC054689BCF}.Release|x64.ActiveCfg = Release|x64
		{8963D4C8-F1F8-45AA-9985-1BC054689BCF}.Release|x64.Build.0 = Release|x64
		{8963D4C8-F1F8-45AA-9985-1BC054689BCF}.Release|x86.ActiveCfg = Release|Win32
		{8963D4C8-F1F8-45AA-9985-1BC054689BCF}.Release|x86.Build.0 = Release|Win32
		{E969B0A1-A35F-4D9C-983A-E7C9B22ECBBD}.Debug|x64.ActiveCfg = Debug|x64
		{E969B0A1-A35F-4D9C-983A-E7C9B22ECBBD}.Debug|x64.Build.0 = Debug|x64
		{E969B0A1-A35F-4D9C-983A-E7C9B22ECBBD}.Debug|x86.ActiveCfg = Debug|Win32
		{E969B0A1-A35F-4D9C-983A-E7C9B22ECBBD}.Debug|x86.Build.0 = Debug|Win32
		{E969B0A1-A35F-4D9C-983A-E7C9B22ECBBD}.Release|x64.ActiveCfg = Release|x64
		{E969B0A1-A35F-4D9C-983A-E7C9B22ECBBD}.Release|x64.Build.0 = Release|x64
		{E969B0A1-A35F-4D9C-983A-E7C9B22ECBBD}.Release|x86.ActiveCfg = Release|Win32
		{E969B0A1-A35F-4D9C-983A-E7C9B22ECBBD}.Release|x86.Build.0 = Release|Win32
		{3EFF19B0-0D36-44C7-9DE1-EF2342FB3838}.Debug|x64.ActiveCfg = Debug|x64
		{3EFF19B0-0D36-44C7-9DE1-EF2342FB3838}.Debug|x64.Build.0 = Debug|x64
		{3EFF19B0-0D36-44C7-9DE1-EF2342FB3838}.Debug|x86.ActiveCfg = Debug|Win32
		{3EFF19B0-0D36-44C7-9DE1-EF2342FB3838}.Debug|x86.Build.0 = Debug|Win32
		{3EFF19B0-0D36-44C7-9DE1-EF2342FB3838}.Release|x64.ActiveCfg = Release|x64
		{3EFF19B0-0D36-44C7-9DE1-EF2342FB3838}.Release|x64.Build.0 = Release|x64
		{3EFF19B0-0D36-44C7-9DE1-EF2342FB3838}.Release|x86.ActiveCfg = Release|Win32
		{3EFF19B0-0D36-44C7-9DE1-EF2342FB3838}.Release|x86.Build.0 = Release|Win32
		{E41C6A90-012C-416C-8A03-C4000CE21A95}.Debug|x64.ActiveCfg = Debug|x64
		{E41C6A90-012C-416C-8A03-C4000CE21A95}.Debug|x64.Build.0 = Debug|x64
		{E41C6A90-012C-416C-8A03-C4000CE21A95}.Debug|x86.ActiveCfg = Debug|Win32
		{E41C6A90-012C-416C-8A03-C4000CE21A95}.Debug|x86.Build.0 = Debug|Win32
		{E41C6A90-012C-416C-8A03-C4000CE21A95}.Release|x64.ActiveCfg = Release|x64
		{E41C6A90-012C-416C-8A03-C4000CE21A95}.Release|x64.Build.0 = Release|x64
		{E41C6A90-012C-416C-8A03-C4000CE21A95}.Release|x86.ActiveCfg = Release|Win32
		{E41C6A90-012C-416C-8A03-C4000CE21A95}.Release|x86.Build.0 = Release|Win32
		{8ABE98E5-35C2-48C9-B524-61DAE38D8DD2}.Debug|x64.ActiveCfg = Debug|x64
		{8ABE98E5-35C2-48C9-B524-61DAE38D8DD2}.Debug|x64.Build.0 = Debug|x64
		{8ABE98E5-35C2-48C9-B524-61DAE38D8DD2}.Debug|x86.ActiveCfg = Debug|Win32
		{8ABE98E5-35C2-48C9-B524-61DAE38D8DD2}.Debug|x86.Build.0 = Debug|Win32
		{8ABE98E5-35C2-48C9-B524-61DAE38D8DD2}.Release|x64.ActiveCfg = Release|x64
		{8ABE98E5-35C2-48C9-B524-61DAE38D8DD2}.Release|x64.Build.0 = Release|x64
		{8ABE98E5-35C2-48C9-B524-61DAE38D8DD2}.Release|x86.ActiveCfg = Release|Win32
		{8ABE98E5-35C2-48C9-B524-61DAE38D8DD2}.Release|x86.Build.0 = Release|Win32
		{D4E7096E-9C07-4C36-B957-14F4499F4E8C}.Debug|x64.ActiveCfg = Debug|x64
		{D4E7096E-9C07-4C36-B957-14F4499F4E8C}.Debug|x64.Build.0 = Debug|x64
		{D4E7096E-9C07-4C36-B957-14F4499F4E8C}.Debug|x86.ActiveCfg = Debug|Win32
		{D4E7096E-9C07-4C36-B957-14F4499F4E8C}.Debug|x86.Build.0 = Debug|Win32
		{D4E7096E-9C07-4C36-B957-14F4499F4E8C}.Release|x64.ActiveCfg = Release|x64
		{D4E7096E-9C07-4C36-B957-14F4499F4E8C}.Release|x64.Build.0 = Release|x64
		{D4E7096E-9C07-4C36-B957-14F4499F4E8C}.Release|x86.ActiveCfg = Release|Win32
		{D4E7096E-9C07-4C36-B957-14F4499F4E8C}.Release|x86.Build.0 = Release|Win32
		{17862352-EF9F-4367-A5A8-18C8830AE7CD}.Debug|x64.ActiveCfg = Debug|x64
		{17862352-EF9F-4367-A5A8-18C8830AE7CD}.Debug|x64.Build.0 = Debug|x64
		{17862352-EF9F-4367-A5A8-18C8830AE7CD}.Debug|x86.ActiveCfg = Debug|Win32
		{17862352-EF9F-4367-A5A8-18C8830AE7CD}.Debug|x86.Build.0 = Debug|Win32
		{17862352-EF9F-4367-A5A8-18C8830AE7CD}.Release|x64.ActiveCfg = Release|x64
		{17862352-EF9F-4367-A5A8-18C8830AE7CD}.Release|x64.Build.0 = Release|x64
		{17862352-EF9F-4367-A5A8-18C8830AE7CD}.Release|x86.ActiveCfg = Release|Win32
		{17862352-EF9F-4367-A5A8-18C8830AE7CD}.Release|x86.Build.0 = Release|Win32
	EndGlobalSection
	GlobalSection(SolutionProperties) = preSolution
		HideSolutionNode = FALSE
	EndGlobalSection
	GlobalSection(ExtensibilityGlobals) = postSolution
		SolutionGuid = {D9CCA838-147F-4656-A88D-3622D23AFD8E}
	EndGlobalSection
EndGlobal
